
Microsoft Visual Studio Solution File, Format Version 12.00
# Visual Studio Version 17
VisualStudioVersion = 17.3.32929.385
MinimumVisualStudioVersion = 10.0.40219.1
Project("{FAE04EC0-301F-11D3-BF4B-00C04F79EFBC}") = "Pipelines", "Pipelines\Pipelines.csproj", "{B599AA5B-A1CC-4E52-84FE-666016CFE465}"
EndProject
Global
	GlobalSection(SolutionConfigurationPlatforms) = preSolution
		Debug|Any CPU = Debug|Any CPU
		Release|Any CPU = Release|Any CPU
	EndGlobalSection
	GlobalSection(ProjectConfigurationPlatforms) = postSolution
		{B599AA5B-A1CC-4E52-84FE-666016CFE465}.Debug|Any CPU.ActiveCfg = Debug|Any CPU
		{B599AA5B-A1CC-4E52-84FE-666016CFE465}.Debug|Any CPU.Build.0 = Debug|Any CPU
		{B599AA5B-A1CC-4E52-84FE-666016CFE465}.Release|Any CPU.ActiveCfg = Release|Any CPU
		{B599AA5B-A1CC-4E52-84FE-666016CFE465}.Release|Any CPU.Build.0 = Release|Any CPU
	EndGlobalSection
	GlobalSection(SolutionProperties) = preSolution
		HideSolutionNode = FALSE
	EndGlobalSection
	GlobalSection(ExtensibilityGlobals) = postSolution
		SolutionGuid = {32C42FAD-615B-42DD-9AC0-58374F7F35F3}
	EndGlobalSection
EndGlobal
